// !$*UTF8*$!
{
	archiveVersion = 1;
	classes = {
	};
	objectVersion = 50;
	objects = {

/* Begin PBXBuildFile section */
		12906A0F22FD390C00CEA891 /* AppDelegate.swift in Sources */ = {isa = PBXBuildFile; fileRef = 12906A0E22FD390C00CEA891 /* AppDelegate.swift */; };
		12906A1122FD390C00CEA891 /* ViewController.swift in Sources */ = {isa = PBXBuildFile; fileRef = 12906A1022FD390C00CEA891 /* ViewController.swift */; };
		12906A1422FD390C00CEA891 /* Main.storyboard in Resources */ = {isa = PBXBuildFile; fileRef = 12906A1222FD390C00CEA891 /* Main.storyboard */; };
		12906A1622FD390D00CEA891 /* Assets.xcassets in Resources */ = {isa = PBXBuildFile; fileRef = 12906A1522FD390D00CEA891 /* Assets.xcassets */; };
		12906A1922FD390D00CEA891 /* LaunchScreen.storyboard in Resources */ = {isa = PBXBuildFile; fileRef = 12906A1722FD390D00CEA891 /* LaunchScreen.storyboard */; };
		12906A2322FD415D00CEA891 /* RecipeInfo.swift in Sources */ = {isa = PBXBuildFile; fileRef = 12906A2222FD415D00CEA891 /* RecipeInfo.swift */; };
		12906A2522FD495600CEA891 /* RecipeViewController.swift in Sources */ = {isa = PBXBuildFile; fileRef = 12906A2422FD495600CEA891 /* RecipeViewController.swift */; };
/* End PBXBuildFile section */

/* Begin PBXFileReference section */
		12906A0B22FD390C00CEA891 /* CookRecipe.app */ = {isa = PBXFileReference; explicitFileType = wrapper.application; includeInIndex = 0; path = CookRecipe.app; sourceTree = BUILT_PRODUCTS_DIR; };
		12906A0E22FD390C00CEA891 /* AppDelegate.swift */ = {isa = PBXFileReference; lastKnownFileType = sourcecode.swift; path = AppDelegate.swift; sourceTree = "<group>"; };
		12906A1022FD390C00CEA891 /* ViewController.swift */ = {isa = PBXFileReference; lastKnownFileType = sourcecode.swift; path = ViewController.swift; sourceTree = "<group>"; };
		12906A1322FD390C00CEA891 /* Base */ = {isa = PBXFileReference; lastKnownFileType = file.storyboard; name = Base; path = Base.lproj/Main.storyboard; sourceTree = "<group>"; };
		12906A1522FD390D00CEA891 /* Assets.xcassets */ = {isa = PBXFileReference; lastKnownFileType = folder.assetcatalog; path = Assets.xcassets; sourceTree = "<group>"; };
		12906A1822FD390D00CEA891 /* Base */ = {isa = PBXFileReference; lastKnownFileType = file.storyboard; name = Base; path = Base.lproj/LaunchScreen.storyboard; sourceTree = "<group>"; };
		12906A1A22FD390D00CEA891 /* Info.plist */ = {isa = PBXFileReference; lastKnownFileType = text.plist.xml; path = Info.plist; sourceTree = "<group>"; };
		12906A2222FD415D00CEA891 /* RecipeInfo.swift */ = {isa = PBXFileReference; lastKnownFileType = sourcecode.swift; path = RecipeInfo.swift; sourceTree = "<group>"; };
		12906A2422FD495600CEA891 /* RecipeViewController.swift */ = {isa = PBXFileReference; lastKnownFileType = sourcecode.swift; path = RecipeViewController.swift; sourceTree = "<group>"; };
/* End PBXFileReference section */

/* Begin PBXFrameworksBuildPhase section */
		12906A0822FD390C00CEA891 /* Frameworks */ = {
			isa = PBXFrameworksBuildPhase;
			buildActionMask = 2147483647;
			files = (
			);
			runOnlyForDeploymentPostprocessing = 0;
		};
/* End PBXFrameworksBuildPhase section */

/* Begin PBXGroup section */
		12906A0222FD390C00CEA891 = {
			isa = PBXGroup;
			children = (
				12906A0D22FD390C00CEA891 /* CookRecipe */,
				12906A0C22FD390C00CEA891 /* Products */,
			);
			sourceTree = "<group>";
		};
		12906A0C22FD390C00CEA891 /* Products */ = {
			isa = PBXGroup;
			children = (
				12906A0B22FD390C00CEA891 /* CookRecipe.app */,
			);
			name = Products;
			sourceTree = "<group>";
		};
		12906A0D22FD390C00CEA891 /* CookRecipe */ = {
			isa = PBXGroup;
			children = (
				12906A0E22FD390C00CEA891 /* AppDelegate.swift */,
				12906A1022FD390C00CEA891 /* ViewController.swift */,
				12906A2222FD415D00CEA891 /* RecipeInfo.swift */,
				12906A1222FD390C00CEA891 /* Main.storyboard */,
				12906A2422FD495600CEA891 /* RecipeViewController.swift */,
				12906A1522FD390D00CEA891 /* Assets.xcassets */,
				12906A1722FD390D00CEA891 /* LaunchScreen.storyboard */,
				12906A1A22FD390D00CEA891 /* Info.plist */,
			);
			path = CookRecipe;
			sourceTree = "<group>";
		};
/* End PBXGroup section */

/* Begin PBXNativeTarget section */
		12906A0A22FD390C00CEA891 /* CookRecipe */ = {
			isa = PBXNativeTarget;
			buildConfigurationList = 12906A1D22FD390D00CEA891 /* Build configuration list for PBXNativeTarget "CookRecipe" */;
			buildPhases = (
				12906A0722FD390C00CEA891 /* Sources */,
				12906A0822FD390C00CEA891 /* Frameworks */,
				12906A0922FD390C00CEA891 /* Resources */,
			);
			buildRules = (
			);
			dependencies = (
			);
			name = CookRecipe;
			productName = CookRecipe;
			productReference = 12906A0B22FD390C00CEA891 /* CookRecipe.app */;
			productType = "com.apple.product-type.application";
		};
/* End PBXNativeTarget section */

/* Begin PBXProject section */
		12906A0322FD390C00CEA891 /* Project object */ = {
			isa = PBXProject;
			attributes = {
				LastSwiftUpdateCheck = 1010;
				LastUpgradeCheck = 1010;
				ORGANIZATIONNAME = "임태완";
				TargetAttributes = {
					12906A0A22FD390C00CEA891 = {
						CreatedOnToolsVersion = 10.1;
					};
				};
			};
			buildConfigurationList = 12906A0622FD390C00CEA891 /* Build configuration list for PBXProject "CookRecipe" */;
			compatibilityVersion = "Xcode 9.3";
			developmentRegion = en;
			hasScannedForEncodings = 0;
			knownRegions = (
				en,
				Base,
			);
			mainGroup = 12906A0222FD390C00CEA891;
			productRefGroup = 12906A0C22FD390C00CEA891 /* Products */;
			projectDirPath = "";
			projectRoot = "";
			targets = (
				12906A0A22FD390C00CEA891 /* CookRecipe */,
			);
		};
/* End PBXProject section */

/* Begin PBXResourcesBuildPhase section */
		12906A0922FD390C00CEA891 /* Resources */ = {
			isa = PBXResourcesBuildPhase;
			buildActionMask = 2147483647;
			files = (
				12906A1922FD390D00CEA891 /* LaunchScreen.storyboard in Resources */,
				12906A1622FD390D00CEA891 /* Assets.xcassets in Resources */,
				12906A1422FD390C00CEA891 /* Main.storyboard in Resources */,
			);
			runOnlyForDeploymentPostprocessing = 0;
		};
/* End PBXResourcesBuildPhase section */

/* Begin PBXSourcesBuildPhase section */
		12906A0722FD390C00CEA891 /* Sources */ = {
			isa = PBXSourcesBuildPhase;
			buildActionMask = 2147483647;
			files = (
				12906A2522FD495600CEA891 /* RecipeViewController.swift in Sources */,
				12906A1122FD390C00CEA891 /* ViewController.swift in Sources */,
				12906A0F22FD390C00CEA891 /* AppDelegate.swift in Sources */,
				12906A2322FD415D00CEA891 /* RecipeInfo.swift in Sources */,
			);
			runOnlyForDeploymentPostprocessing = 0;
		};
/* End PBXSourcesBuildPhase section */

/* Begin PBXVariantGroup section */
		12906A1222FD390C00CEA891 /* Main.storyboard */ = {
			isa = PBXVariantGroup;
			children = (
				12906A1322FD390C00CEA891 /* Base */,
			);
			name = Main.storyboard;
			sourceTree = "<group>";
		};
		12906A1722FD390D00CEA891 /* LaunchScreen.storyboard */ = {
			isa = PBXVariantGroup;
			children = (
				12906A1822FD390D00CEA891 /* Base */,
			);
			name = LaunchScreen.storyboard;
			sourceTree = "<group>";
		};
/* End PBXVariantGroup section */

/* Begin XCBuildConfiguration section */
		12906A1B22FD390D00CEA891 /* Debug */ = {
			isa = XCBuildConfiguration;
			buildSettings = {
				ALWAYS_SEARCH_USER_PATHS = NO;
				CLANG_ANALYZER_NONNULL = YES;
				CLANG_ANALYZER_NUMBER_OBJECT_CONVERSION = YES_AGGRESSIVE;
				CLANG_CXX_LANGUAGE_STANDARD = "gnu++14";
				CLANG_CXX_LIBRARY = "libc++";
				CLANG_ENABLE_MODULES = YES;
				CLANG_ENABLE_OBJC_ARC = YES;
				CLANG_ENABLE_OBJC_WEAK = YES;
				CLANG_WARN_BLOCK_CAPTURE_AUTORELEASING = YES;
				CLANG_WARN_BOOL_CONVERSION = YES;
				CLANG_WARN_COMMA = YES;
				CLANG_WARN_CONSTANT_CONVERSION = YES;
				CLANG_WARN_DEPRECATED_OBJC_IMPLEMENTATIONS = YES;
				CLANG_WARN_DIRECT_OBJC_ISA_USAGE = YES_ERROR;
				CLANG_WARN_DOCUMENTATION_COMMENTS = YES;
				CLANG_WARN_EMPTY_BODY = YES;
				CLANG_WARN_ENUM_CONVERSION = YES;
				CLANG_WARN_INFINITE_RECURSION = YES;
				CLANG_WARN_INT_CONVERSION = YES;
				CLANG_WARN_NON_LITERAL_NULL_CONVERSION = YES;
				CLANG_WARN_OBJC_IMPLICIT_RETAIN_SELF = YES;
				CLANG_WARN_OBJC_LITERAL_CONVERSION = YES;
				CLANG_WARN_OBJC_ROOT_CLASS = YES_ERROR;
				CLANG_WARN_RANGE_LOOP_ANALYSIS = YES;
				CLANG_WARN_STRICT_PROTOTYPES = YES;
				CLANG_WARN_SUSPICIOUS_MOVE = YES;
				CLANG_WARN_UNGUARDED_AVAILABILITY = YES_AGGRESSIVE;
				CLANG_WARN_UNREACHABLE_CODE = YES;
				CLANG_WARN__DUPLICATE_METHOD_MATCH = YES;
				CODE_SIGN_IDENTITY = "iPhone Developer";
				COPY_PHASE_STRIP = NO;
				DEBUG_INFORMATION_FORMAT = dwarf;
				ENABLE_STRICT_OBJC_MSGSEND = YES;
				ENABLE_TESTABILITY = YES;
				GCC_C_LANGUAGE_STANDARD = gnu11;
				GCC_DYNAMIC_NO_PIC = NO;
				GCC_NO_COMMON_BLOCKS = YES;
				GCC_OPTIMIZATION_LEVEL = 0;
				GCC_PREPROCESSOR_DEFINITIONS = (
					"DEBUG=1",
					"$(inherited)",
				);
				GCC_WARN_64_TO_32_BIT_CONVERSION = YES;
				GCC_WARN_ABOUT_RETURN_TYPE = YES_ERROR;
				GCC_WARN_UNDECLARED_SELECTOR = YES;
				GCC_WARN_UNINITIALIZED_AUTOS = YES_AGGRESSIVE;
				GCC_WARN_UNUSED_FUNCTION = YES;
				GCC_WARN_UNUSED_VARIABLE = YES;
				IPHONEOS_DEPLOYMENT_TARGET = 12.1;
				MTL_ENABLE_DEBUG_INFO = INCLUDE_SOURCE;
				MTL_FAST_MATH = YES;
				ONLY_ACTIVE_ARCH = YES;
				SDKROOT = iphoneos;
				SWIFT_ACTIVE_COMPILATION_CONDITIONS = DEBUG;
				SWIFT_OPTIMIZATION_LEVEL = "-Onone";
			};
			name = Debug;
		};
		12906A1C22FD390D00CEA891 /* Release */ = {
			isa = XCBuildConfiguration;
			buildSettings = {
				ALWAYS_SEARCH_USER_PATHS = NO;
				CLANG_ANALYZER_NONNULL = YES;
				CLANG_ANALYZER_NUMBER_OBJECT_CONVERSION = YES_AGGRESSIVE;
				CLANG_CXX_LANGUAGE_STANDARD = "gnu++14";
				CLANG_CXX_LIBRARY = "libc++";
				CLANG_ENABLE_MODULES = YES;
				CLANG_ENABLE_OBJC_ARC = YES;
				CLANG_ENABLE_OBJC_WEAK = YES;
				CLANG_WARN_BLOCK_CAPTURE_AUTORELEASING = YES;
				CLANG_WARN_BOOL_CONVERSION = YES;
				CLANG_WARN_COMMA = YES;
				CLANG_WARN_CONSTANT_CONVERSION = YES;
				CLANG_WARN_DEPRECATED_OBJC_IMPLEMENTATIONS = YES;
				CLANG_WARN_DIRECT_OBJC_ISA_USAGE = YES_ERROR;
				CLANG_WARN_DOCUMENTATION_COMMENTS = YES;
				CLANG_WARN_EMPTY_BODY = YES;
				CLANG_WARN_ENUM_CONVERSION = YES;
				CLANG_WARN_INFINITE_RECURSION = YES;
				CLANG_WARN_INT_CONVERSION = YES;
				CLANG_WARN_NON_LITERAL_NULL_CONVERSION = YES;
				CLANG_WARN_OBJC_IMPLICIT_RETAIN_SELF = YES;
				CLANG_WARN_OBJC_LITERAL_CONVERSION = YES;
				CLANG_WARN_OBJC_ROOT_CLASS = YES_ERROR;
				CLANG_WARN_RANGE_LOOP_ANALYSIS = YES;
				CLANG_WARN_STRICT_PROTOTYPES = YES;
				CLANG_WARN_SUSPICIOUS_MOVE = YES;
				CLANG_WARN_UNGUARDED_AVAILABILITY = YES_AGGRESSIVE;
				CLANG_WARN_UNREACHABLE_CODE = YES;
				CLANG_WARN__DUPLICATE_METHOD_MATCH = YES;
				CODE_SIGN_IDENTITY = "iPhone Developer";
				COPY_PHASE_STRIP = NO;
				DEBUG_INFORMATION_FORMAT = "dwarf-with-dsym";
				ENABLE_NS_ASSERTIONS = NO;
				ENABLE_STRICT_OBJC_MSGSEND = YES;
				GCC_C_LANGUAGE_STANDARD = gnu11;
				GCC_NO_COMMON_BLOCKS = YES;
				GCC_WARN_64_TO_32_BIT_CONVERSION = YES;
				GCC_WARN_ABOUT_RETURN_TYPE = YES_ERROR;
				GCC_WARN_UNDECLARED_SELECTOR = YES;
				GCC_WARN_UNINITIALIZED_AUTOS = YES_AGGRESSIVE;
				GCC_WARN_UNUSED_FUNCTION = YES;
				GCC_WARN_UNUSED_VARIABLE = YES;
				IPHONEOS_DEPLOYMENT_TARGET = 12.1;
				MTL_ENABLE_DEBUG_INFO = NO;
				MTL_FAST_MATH = YES;
				SDKROOT = iphoneos;
				SWIFT_COMPILATION_MODE = wholemodule;
				SWIFT_OPTIMIZATION_LEVEL = "-O";
				VALIDATE_PRODUCT = YES;
			};
			name = Release;
		};
		12906A1E22FD390D00CEA891 /* Debug */ = {
			isa = XCBuildConfiguration;
			buildSettings = {
				ASSETCATALOG_COMPILER_APPICON_NAME = AppIcon;
				CODE_SIGN_STYLE = Automatic;
				INFOPLIST_FILE = CookRecipe/Info.plist;
				LD_RUNPATH_SEARCH_PATHS = (
					"$(inherited)",
					"@executable_path/Frameworks",
				);
				PRODUCT_BUNDLE_IDENTIFIER = first.CookRecipe;
				PRODUCT_NAME = "$(TARGET_NAME)";
				SWIFT_VERSION = 4.2;
				TARGETED_DEVICE_FAMILY = "1,2";
			};
			name = Debug;
		};
		12906A1F22FD390D00CEA891 /* Release */ = {
			isa = XCBuildConfiguration;
			buildSettings = {
				ASSETCATALOG_COMPILER_APPICON_NAME = AppIcon;
				CODE_SIGN_STYLE = Automatic;
				INFOPLIST_FILE = CookRecipe/Info.plist;
				LD_RUNPATH_SEARCH_PATHS = (
					"$(inherited)",
					"@executable_path/Frameworks",
				);
				PRODUCT_BUNDLE_IDENTIFIER = first.CookRecipe;
				PRODUCT_NAME = "$(TARGET_NAME)";
				SWIFT_VERSION = 4.2;
				TARGETED_DEVICE_FAMILY = "1,2";
			};
			name = Release;
		};
/* End XCBuildConfiguration section */

/* Begin XCConfigurationList section */
		12906A0622FD390C00CEA891 /* Build configuration list for PBXProject "CookRecipe" */ = {
			isa = XCConfigurationList;
			buildConfigurations = (
				12906A1B22FD390D00CEA891 /* Debug */,
				12906A1C22FD390D00CEA891 /* Release */,
			);
			defaultConfigurationIsVisible = 0;
			defaultConfigurationName = Release;
		};
		12906A1D22FD390D00CEA891 /* Build configuration list for PBXNativeTarget "CookRecipe" */ = {
			isa = XCConfigurationList;
			buildConfigurations = (
				12906A1E22FD390D00CEA891 /* Debug */,
				12906A1F22FD390D00CEA891 /* Release */,
			);
			defaultConfigurationIsVisible = 0;
			defaultConfigurationName = Release;
		};
/* End XCConfigurationList section */
	};
	rootObject = 12906A0322FD390C00CEA891 /* Project object */;
}
