// !$*UTF8*$!
{
	archiveVersion = 1;
	classes = {
	};
	objectVersion = 50;
	objects = {

/* Begin PBXBuildFile section */
		D5978F6F230674DC005CB85F /* AppDelegate.swift in Sources */ = {isa = PBXBuildFile; fileRef = D5978F6E230674DC005CB85F /* AppDelegate.swift */; };
		D5978F71230674DC005CB85F /* ViewController.swift in Sources */ = {isa = PBXBuildFile; fileRef = D5978F70230674DC005CB85F /* ViewController.swift */; };
		D5978F74230674DC005CB85F /* Main.storyboard in Resources */ = {isa = PBXBuildFile; fileRef = D5978F72230674DC005CB85F /* Main.storyboard */; };
		D5978F76230674DD005CB85F /* Assets.xcassets in Resources */ = {isa = PBXBuildFile; fileRef = D5978F75230674DD005CB85F /* Assets.xcassets */; };
		D5978F79230674DD005CB85F /* LaunchScreen.storyboard in Resources */ = {isa = PBXBuildFile; fileRef = D5978F77230674DD005CB85F /* LaunchScreen.storyboard */; };
		D5978F812306757F005CB85F /* ContactInfo.swift in Sources */ = {isa = PBXBuildFile; fileRef = D5978F802306757F005CB85F /* ContactInfo.swift */; };
		D5978F832306831B005CB85F /* ContactsTableViewCell.swift in Sources */ = {isa = PBXBuildFile; fileRef = D5978F822306831B005CB85F /* ContactsTableViewCell.swift */; };
		D5978F8523068400005CB85F /* SecondViewController.swift in Sources */ = {isa = PBXBuildFile; fileRef = D5978F8423068400005CB85F /* SecondViewController.swift */; };
/* End PBXBuildFile section */

/* Begin PBXFileReference section */
		D5978F6B230674DC005CB85F /* KUFileIOBasic.app */ = {isa = PBXFileReference; explicitFileType = wrapper.application; includeInIndex = 0; path = KUFileIOBasic.app; sourceTree = BUILT_PRODUCTS_DIR; };
		D5978F6E230674DC005CB85F /* AppDelegate.swift */ = {isa = PBXFileReference; lastKnownFileType = sourcecode.swift; path = AppDelegate.swift; sourceTree = "<group>"; };
		D5978F70230674DC005CB85F /* ViewController.swift */ = {isa = PBXFileReference; lastKnownFileType = sourcecode.swift; path = ViewController.swift; sourceTree = "<group>"; };
		D5978F73230674DC005CB85F /* Base */ = {isa = PBXFileReference; lastKnownFileType = file.storyboard; name = Base; path = Base.lproj/Main.storyboard; sourceTree = "<group>"; };
		D5978F75230674DD005CB85F /* Assets.xcassets */ = {isa = PBXFileReference; lastKnownFileType = folder.assetcatalog; path = Assets.xcassets; sourceTree = "<group>"; };
		D5978F78230674DD005CB85F /* Base */ = {isa = PBXFileReference; lastKnownFileType = file.storyboard; name = Base; path = Base.lproj/LaunchScreen.storyboard; sourceTree = "<group>"; };
		D5978F7A230674DD005CB85F /* Info.plist */ = {isa = PBXFileReference; lastKnownFileType = text.plist.xml; path = Info.plist; sourceTree = "<group>"; };
		D5978F802306757F005CB85F /* ContactInfo.swift */ = {isa = PBXFileReference; lastKnownFileType = sourcecode.swift; path = ContactInfo.swift; sourceTree = "<group>"; };
		D5978F822306831B005CB85F /* ContactsTableViewCell.swift */ = {isa = PBXFileReference; lastKnownFileType = sourcecode.swift; path = ContactsTableViewCell.swift; sourceTree = "<group>"; };
		D5978F8423068400005CB85F /* SecondViewController.swift */ = {isa = PBXFileReference; lastKnownFileType = sourcecode.swift; path = SecondViewController.swift; sourceTree = "<group>"; };
/* End PBXFileReference section */

/* Begin PBXFrameworksBuildPhase section */
		D5978F68230674DC005CB85F /* Frameworks */ = {
			isa = PBXFrameworksBuildPhase;
			buildActionMask = 2147483647;
			files = (
			);
			runOnlyForDeploymentPostprocessing = 0;
		};
/* End PBXFrameworksBuildPhase section */

/* Begin PBXGroup section */
		D5978F62230674DC005CB85F = {
			isa = PBXGroup;
			children = (
				D5978F6D230674DC005CB85F /* KUFileIOBasic */,
				D5978F6C230674DC005CB85F /* Products */,
			);
			sourceTree = "<group>";
		};
		D5978F6C230674DC005CB85F /* Products */ = {
			isa = PBXGroup;
			children = (
				D5978F6B230674DC005CB85F /* KUFileIOBasic.app */,
			);
			name = Products;
			sourceTree = "<group>";
		};
		D5978F6D230674DC005CB85F /* KUFileIOBasic */ = {
			isa = PBXGroup;
			children = (
				D5978F6E230674DC005CB85F /* AppDelegate.swift */,
				D5978F70230674DC005CB85F /* ViewController.swift */,
				D5978F8423068400005CB85F /* SecondViewController.swift */,
				D5978F822306831B005CB85F /* ContactsTableViewCell.swift */,
				D5978F802306757F005CB85F /* ContactInfo.swift */,
				D5978F72230674DC005CB85F /* Main.storyboard */,
				D5978F75230674DD005CB85F /* Assets.xcassets */,
				D5978F77230674DD005CB85F /* LaunchScreen.storyboard */,
				D5978F7A230674DD005CB85F /* Info.plist */,
			);
			path = KUFileIOBasic;
			sourceTree = "<group>";
		};
/* End PBXGroup section */

/* Begin PBXNativeTarget section */
		D5978F6A230674DC005CB85F /* KUFileIOBasic */ = {
			isa = PBXNativeTarget;
			buildConfigurationList = D5978F7D230674DD005CB85F /* Build configuration list for PBXNativeTarget "KUFileIOBasic" */;
			buildPhases = (
				D5978F67230674DC005CB85F /* Sources */,
				D5978F68230674DC005CB85F /* Frameworks */,
				D5978F69230674DC005CB85F /* Resources */,
			);
			buildRules = (
			);
			dependencies = (
			);
			name = KUFileIOBasic;
			productName = KUFileIOBasic;
			productReference = D5978F6B230674DC005CB85F /* KUFileIOBasic.app */;
			productType = "com.apple.product-type.application";
		};
/* End PBXNativeTarget section */

/* Begin PBXProject section */
		D5978F63230674DC005CB85F /* Project object */ = {
			isa = PBXProject;
			attributes = {
				LastSwiftUpdateCheck = 0940;
				LastUpgradeCheck = 0940;
				ORGANIZATIONNAME = seok;
				TargetAttributes = {
					D5978F6A230674DC005CB85F = {
						CreatedOnToolsVersion = 9.4.1;
					};
				};
			};
			buildConfigurationList = D5978F66230674DC005CB85F /* Build configuration list for PBXProject "KUFileIOBasic" */;
			compatibilityVersion = "Xcode 9.3";
			developmentRegion = en;
			hasScannedForEncodings = 0;
			knownRegions = (
				en,
				Base,
			);
			mainGroup = D5978F62230674DC005CB85F;
			productRefGroup = D5978F6C230674DC005CB85F /* Products */;
			projectDirPath = "";
			projectRoot = "";
			targets = (
				D5978F6A230674DC005CB85F /* KUFileIOBasic */,
			);
		};
/* End PBXProject section */

/* Begin PBXResourcesBuildPhase section */
		D5978F69230674DC005CB85F /* Resources */ = {
			isa = PBXResourcesBuildPhase;
			buildActionMask = 2147483647;
			files = (
				D5978F79230674DD005CB85F /* LaunchScreen.storyboard in Resources */,
				D5978F76230674DD005CB85F /* Assets.xcassets in Resources */,
				D5978F74230674DC005CB85F /* Main.storyboard in Resources */,
			);
			runOnlyForDeploymentPostprocessing = 0;
		};
/* End PBXResourcesBuildPhase section */

/* Begin PBXSourcesBuildPhase section */
		D5978F67230674DC005CB85F /* Sources */ = {
			isa = PBXSourcesBuildPhase;
			buildActionMask = 2147483647;
			files = (
				D5978F832306831B005CB85F /* ContactsTableViewCell.swift in Sources */,
				D5978F812306757F005CB85F /* ContactInfo.swift in Sources */,
				D5978F71230674DC005CB85F /* ViewController.swift in Sources */,
				D5978F8523068400005CB85F /* SecondViewController.swift in Sources */,
				D5978F6F230674DC005CB85F /* AppDelegate.swift in Sources */,
			);
			runOnlyForDeploymentPostprocessing = 0;
		};
/* End PBXSourcesBuildPhase section */

/* Begin PBXVariantGroup section */
		D5978F72230674DC005CB85F /* Main.storyboard */ = {
			isa = PBXVariantGroup;
			children = (
				D5978F73230674DC005CB85F /* Base */,
			);
			name = Main.storyboard;
			sourceTree = "<group>";
		};
		D5978F77230674DD005CB85F /* LaunchScreen.storyboard */ = {
			isa = PBXVariantGroup;
			children = (
				D5978F78230674DD005CB85F /* Base */,
			);
			name = LaunchScreen.storyboard;
			sourceTree = "<group>";
		};
/* End PBXVariantGroup section */

/* Begin XCBuildConfiguration section */
		D5978F7B230674DD005CB85F /* Debug */ = {
			isa = XCBuildConfiguration;
			buildSettings = {
				ALWAYS_SEARCH_USER_PATHS = NO;
				CLANG_ANALYZER_NONNULL = YES;
				CLANG_ANALYZER_NUMBER_OBJECT_CONVERSION = YES_AGGRESSIVE;
				CLANG_CXX_LANGUAGE_STANDARD = "gnu++14";
				CLANG_CXX_LIBRARY = "libc++";
				CLANG_ENABLE_MODULES = YES;
				CLANG_ENABLE_OBJC_ARC = YES;
				CLANG_ENABLE_OBJC_WEAK = YES;
				CLANG_WARN_BLOCK_CAPTURE_AUTORELEASING = YES;
				CLANG_WARN_BOOL_CONVERSION = YES;
				CLANG_WARN_COMMA = YES;
				CLANG_WARN_CONSTANT_CONVERSION = YES;
				CLANG_WARN_DEPRECATED_OBJC_IMPLEMENTATIONS = YES;
				CLANG_WARN_DIRECT_OBJC_ISA_USAGE = YES_ERROR;
				CLANG_WARN_DOCUMENTATION_COMMENTS = YES;
				CLANG_WARN_EMPTY_BODY = YES;
				CLANG_WARN_ENUM_CONVERSION = YES;
				CLANG_WARN_INFINITE_RECURSION = YES;
				CLANG_WARN_INT_CONVERSION = YES;
				CLANG_WARN_NON_LITERAL_NULL_CONVERSION = YES;
				CLANG_WARN_OBJC_IMPLICIT_RETAIN_SELF = YES;
				CLANG_WARN_OBJC_LITERAL_CONVERSION = YES;
				CLANG_WARN_OBJC_ROOT_CLASS = YES_ERROR;
				CLANG_WARN_RANGE_LOOP_ANALYSIS = YES;
				CLANG_WARN_STRICT_PROTOTYPES = YES;
				CLANG_WARN_SUSPICIOUS_MOVE = YES;
				CLANG_WARN_UNGUARDED_AVAILABILITY = YES_AGGRESSIVE;
				CLANG_WARN_UNREACHABLE_CODE = YES;
				CLANG_WARN__DUPLICATE_METHOD_MATCH = YES;
				CODE_SIGN_IDENTITY = "iPhone Developer";
				COPY_PHASE_STRIP = NO;
				DEBUG_INFORMATION_FORMAT = dwarf;
				ENABLE_STRICT_OBJC_MSGSEND = YES;
				ENABLE_TESTABILITY = YES;
				GCC_C_LANGUAGE_STANDARD = gnu11;
				GCC_DYNAMIC_NO_PIC = NO;
				GCC_NO_COMMON_BLOCKS = YES;
				GCC_OPTIMIZATION_LEVEL = 0;
				GCC_PREPROCESSOR_DEFINITIONS = (
					"DEBUG=1",
					"$(inherited)",
				);
				GCC_WARN_64_TO_32_BIT_CONVERSION = YES;
				GCC_WARN_ABOUT_RETURN_TYPE = YES_ERROR;
				GCC_WARN_UNDECLARED_SELECTOR = YES;
				GCC_WARN_UNINITIALIZED_AUTOS = YES_AGGRESSIVE;
				GCC_WARN_UNUSED_FUNCTION = YES;
				GCC_WARN_UNUSED_VARIABLE = YES;
				IPHONEOS_DEPLOYMENT_TARGET = 11.4;
				MTL_ENABLE_DEBUG_INFO = YES;
				ONLY_ACTIVE_ARCH = YES;
				SDKROOT = iphoneos;
				SWIFT_ACTIVE_COMPILATION_CONDITIONS = DEBUG;
				SWIFT_OPTIMIZATION_LEVEL = "-Onone";
			};
			name = Debug;
		};
		D5978F7C230674DD005CB85F /* Release */ = {
			isa = XCBuildConfiguration;
			buildSettings = {
				ALWAYS_SEARCH_USER_PATHS = NO;
				CLANG_ANALYZER_NONNULL = YES;
				CLANG_ANALYZER_NUMBER_OBJECT_CONVERSION = YES_AGGRESSIVE;
				CLANG_CXX_LANGUAGE_STANDARD = "gnu++14";
				CLANG_CXX_LIBRARY = "libc++";
				CLANG_ENABLE_MODULES = YES;
				CLANG_ENABLE_OBJC_ARC = YES;
				CLANG_ENABLE_OBJC_WEAK = YES;
				CLANG_WARN_BLOCK_CAPTURE_AUTORELEASING = YES;
				CLANG_WARN_BOOL_CONVERSION = YES;
				CLANG_WARN_COMMA = YES;
				CLANG_WARN_CONSTANT_CONVERSION = YES;
				CLANG_WARN_DEPRECATED_OBJC_IMPLEMENTATIONS = YES;
				CLANG_WARN_DIRECT_OBJC_ISA_USAGE = YES_ERROR;
				CLANG_WARN_DOCUMENTATION_COMMENTS = YES;
				CLANG_WARN_EMPTY_BODY = YES;
				CLANG_WARN_ENUM_CONVERSION = YES;
				CLANG_WARN_INFINITE_RECURSION = YES;
				CLANG_WARN_INT_CONVERSION = YES;
				CLANG_WARN_NON_LITERAL_NULL_CONVERSION = YES;
				CLANG_WARN_OBJC_IMPLICIT_RETAIN_SELF = YES;
				CLANG_WARN_OBJC_LITERAL_CONVERSION = YES;
				CLANG_WARN_OBJC_ROOT_CLASS = YES_ERROR;
				CLANG_WARN_RANGE_LOOP_ANALYSIS = YES;
				CLANG_WARN_STRICT_PROTOTYPES = YES;
				CLANG_WARN_SUSPICIOUS_MOVE = YES;
				CLANG_WARN_UNGUARDED_AVAILABILITY = YES_AGGRESSIVE;
				CLANG_WARN_UNREACHABLE_CODE = YES;
				CLANG_WARN__DUPLICATE_METHOD_MATCH = YES;
				CODE_SIGN_IDENTITY = "iPhone Developer";
				COPY_PHASE_STRIP = NO;
				DEBUG_INFORMATION_FORMAT = "dwarf-with-dsym";
				ENABLE_NS_ASSERTIONS = NO;
				ENABLE_STRICT_OBJC_MSGSEND = YES;
				GCC_C_LANGUAGE_STANDARD = gnu11;
				GCC_NO_COMMON_BLOCKS = YES;
				GCC_WARN_64_TO_32_BIT_CONVERSION = YES;
				GCC_WARN_ABOUT_RETURN_TYPE = YES_ERROR;
				GCC_WARN_UNDECLARED_SELECTOR = YES;
				GCC_WARN_UNINITIALIZED_AUTOS = YES_AGGRESSIVE;
				GCC_WARN_UNUSED_FUNCTION = YES;
				GCC_WARN_UNUSED_VARIABLE = YES;
				IPHONEOS_DEPLOYMENT_TARGET = 11.4;
				MTL_ENABLE_DEBUG_INFO = NO;
				SDKROOT = iphoneos;
				SWIFT_COMPILATION_MODE = wholemodule;
				SWIFT_OPTIMIZATION_LEVEL = "-O";
				VALIDATE_PRODUCT = YES;
			};
			name = Release;
		};
		D5978F7E230674DD005CB85F /* Debug */ = {
			isa = XCBuildConfiguration;
			buildSettings = {
				ASSETCATALOG_COMPILER_APPICON_NAME = AppIcon;
				CODE_SIGN_STYLE = Automatic;
				INFOPLIST_FILE = KUFileIOBasic/Info.plist;
				LD_RUNPATH_SEARCH_PATHS = (
					"$(inherited)",
					"@executable_path/Frameworks",
				);
				PRODUCT_BUNDLE_IDENTIFIER = kr.ac.korea.KUFileIOBasic;
				PRODUCT_NAME = "$(TARGET_NAME)";
				SWIFT_VERSION = 4.0;
				TARGETED_DEVICE_FAMILY = "1,2";
			};
			name = Debug;
		};
		D5978F7F230674DD005CB85F /* Release */ = {
			isa = XCBuildConfiguration;
			buildSettings = {
				ASSETCATALOG_COMPILER_APPICON_NAME = AppIcon;
				CODE_SIGN_STYLE = Automatic;
				INFOPLIST_FILE = KUFileIOBasic/Info.plist;
				LD_RUNPATH_SEARCH_PATHS = (
					"$(inherited)",
					"@executable_path/Frameworks",
				);
				PRODUCT_BUNDLE_IDENTIFIER = kr.ac.korea.KUFileIOBasic;
				PRODUCT_NAME = "$(TARGET_NAME)";
				SWIFT_VERSION = 4.0;
				TARGETED_DEVICE_FAMILY = "1,2";
			};
			name = Release;
		};
/* End XCBuildConfiguration section */

/* Begin XCConfigurationList section */
		D5978F66230674DC005CB85F /* Build configuration list for PBXProject "KUFileIOBasic" */ = {
			isa = XCConfigurationList;
			buildConfigurations = (
				D5978F7B230674DD005CB85F /* Debug */,
				D5978F7C230674DD005CB85F /* Release */,
			);
			defaultConfigurationIsVisible = 0;
			defaultConfigurationName = Release;
		};
		D5978F7D230674DD005CB85F /* Build configuration list for PBXNativeTarget "KUFileIOBasic" */ = {
			isa = XCConfigurationList;
			buildConfigurations = (
				D5978F7E230674DD005CB85F /* Debug */,
				D5978F7F230674DD005CB85F /* Release */,
			);
			defaultConfigurationIsVisible = 0;
			defaultConfigurationName = Release;
		};
/* End XCConfigurationList section */
	};
	rootObject = D5978F63230674DC005CB85F /* Project object */;
}
